
Microsoft Visual Studio Solution File, Format Version 12.00
# Visual Studio 14
VisualStudioVersion = 14.0.25420.1
MinimumVisualStudioVersion = 10.0.40219.1
Project("{FAE04EC0-301F-11D3-BF4B-00C04F79EFBC}") = "Hello", "Hello\Hello.csproj", "{43D3A9D9-D831-46CD-BE33-1DE6770DB406}"
EndProject
Project("{FAE04EC0-301F-11D3-BF4B-00C04F79EFBC}") = "OOdemot", "OOdemot\OOdemot.csproj", "{647E5B70-F18B-4837-8A73-4FCAFA7B4CB9}"
EndProject
Project("{FAE04EC0-301F-11D3-BF4B-00C04F79EFBC}") = "Labra1", "Labra1\Labra1.csproj", "{E61D6E73-8CC1-4F27-9901-CA85B3BFB8BE}"
EndProject
Project("{2150E333-8FDC-42A3-9474-1A3956D46DE8}") = "Tehtävät", "Tehtävät", "{6E2CDF3A-6A84-4736-B900-63EC1BD73A0B}"
EndProject
Project("{FAE04EC0-301F-11D3-BF4B-00C04F79EFBC}") = "Labra3", "Labra3\Labra3.csproj", "{918E6E34-0BB0-4F06-904A-E0F3ABF08F82}"
EndProject
Project("{FAE04EC0-301F-11D3-BF4B-00C04F79EFBC}") = "Labra4", "Labra4\Labra4.csproj", "{3EC3AA7E-5331-45B0-A160-C8BC2F623A76}"
EndProject
Project("{FAE04EC0-301F-11D3-BF4B-00C04F79EFBC}") = "Labra5", "Labra5\Labra5.csproj", "{23603519-91F2-4556-8499-849C56B7D888}"
EndProject
Project("{FAE04EC0-301F-11D3-BF4B-00C04F79EFBC}") = "Labra6", "Labra6\Labra6.csproj", "{8200D19F-12C1-448B-BE80-60776143B944}"
EndProject
Project("{FAE04EC0-301F-11D3-BF4B-00C04F79EFBC}") = "Labra7", "Labra7\Labra7.csproj", "{F6BC6004-DDA0-4D42-8A81-1D1EC03F765F}"
EndProject
Project("{FAE04EC0-301F-11D3-BF4B-00C04F79EFBC}") = "Labra8", "Labra8\Labra8.csproj", "{6F757F21-458D-41BD-9051-20209F3FF057}"
EndProject
Project("{FAE04EC0-301F-11D3-BF4B-00C04F79EFBC}") = "Labra9", "ConsoleApplication2\Labra9.csproj", "{40723864-F849-4779-9875-833E6A9A20EA}"
EndProject
Project("{FAE04EC0-301F-11D3-BF4B-00C04F79EFBC}") = "WPFdemo", "WpfApp1\WPFdemo.csproj", "{D51E5EE4-5E64-4FF3-914A-D1AABC049228}"
EndProject
Project("{2150E333-8FDC-42A3-9474-1A3956D46DE8}") = "Labra10", "Labra10", "{16023044-E447-4F49-992E-20BB3AA7299B}"
EndProject
Project("{FAE04EC0-301F-11D3-BF4B-00C04F79EFBC}") = "labra10.1", "Labra10.1\labra10.1.csproj", "{08EC5C50-AACA-4D24-A7CF-BF7EA238241E}"
EndProject
Project("{FAE04EC0-301F-11D3-BF4B-00C04F79EFBC}") = "labra10.2", "Labra10.2\labra10.2.csproj", "{099F1945-5258-4505-83A4-5D35BF69AD90}"
EndProject
Project("{FAE04EC0-301F-11D3-BF4B-00C04F79EFBC}") = "labra10.3", "Labra10.3\labra10.3.csproj", "{40E673E2-33E3-4D2D-AE1A-635EBBBD8BDA}"
EndProject
Global
	GlobalSection(SolutionConfigurationPlatforms) = preSolution
		Debug|Any CPU = Debug|Any CPU
		Release|Any CPU = Release|Any CPU
	EndGlobalSection
	GlobalSection(ProjectConfigurationPlatforms) = postSolution
		{43D3A9D9-D831-46CD-BE33-1DE6770DB406}.Debug|Any CPU.ActiveCfg = Debug|Any CPU
		{43D3A9D9-D831-46CD-BE33-1DE6770DB406}.Debug|Any CPU.Build.0 = Debug|Any CPU
		{43D3A9D9-D831-46CD-BE33-1DE6770DB406}.Release|Any CPU.ActiveCfg = Release|Any CPU
		{43D3A9D9-D831-46CD-BE33-1DE6770DB406}.Release|Any CPU.Build.0 = Release|Any CPU
		{647E5B70-F18B-4837-8A73-4FCAFA7B4CB9}.Debug|Any CPU.ActiveCfg = Debug|Any CPU
		{647E5B70-F18B-4837-8A73-4FCAFA7B4CB9}.Debug|Any CPU.Build.0 = Debug|Any CPU
		{647E5B70-F18B-4837-8A73-4FCAFA7B4CB9}.Release|Any CPU.ActiveCfg = Release|Any CPU
		{647E5B70-F18B-4837-8A73-4FCAFA7B4CB9}.Release|Any CPU.Build.0 = Release|Any CPU
		{E61D6E73-8CC1-4F27-9901-CA85B3BFB8BE}.Debug|Any CPU.ActiveCfg = Debug|Any CPU
		{E61D6E73-8CC1-4F27-9901-CA85B3BFB8BE}.Debug|Any CPU.Build.0 = Debug|Any CPU
		{E61D6E73-8CC1-4F27-9901-CA85B3BFB8BE}.Release|Any CPU.ActiveCfg = Release|Any CPU
		{E61D6E73-8CC1-4F27-9901-CA85B3BFB8BE}.Release|Any CPU.Build.0 = Release|Any CPU
		{918E6E34-0BB0-4F06-904A-E0F3ABF08F82}.Debug|Any CPU.ActiveCfg = Debug|Any CPU
		{918E6E34-0BB0-4F06-904A-E0F3ABF08F82}.Debug|Any CPU.Build.0 = Debug|Any CPU
		{918E6E34-0BB0-4F06-904A-E0F3ABF08F82}.Release|Any CPU.ActiveCfg = Release|Any CPU
		{918E6E34-0BB0-4F06-904A-E0F3ABF08F82}.Release|Any CPU.Build.0 = Release|Any CPU
		{3EC3AA7E-5331-45B0-A160-C8BC2F623A76}.Debug|Any CPU.ActiveCfg = Debug|Any CPU
		{3EC3AA7E-5331-45B0-A160-C8BC2F623A76}.Debug|Any CPU.Build.0 = Debug|Any CPU
		{3EC3AA7E-5331-45B0-A160-C8BC2F623A76}.Release|Any CPU.ActiveCfg = Release|Any CPU
		{3EC3AA7E-5331-45B0-A160-C8BC2F623A76}.Release|Any CPU.Build.0 = Release|Any CPU
		{23603519-91F2-4556-8499-849C56B7D888}.Debug|Any CPU.ActiveCfg = Debug|Any CPU
		{23603519-91F2-4556-8499-849C56B7D888}.Debug|Any CPU.Build.0 = Debug|Any CPU
		{23603519-91F2-4556-8499-849C56B7D888}.Release|Any CPU.ActiveCfg = Release|Any CPU
		{23603519-91F2-4556-8499-849C56B7D888}.Release|Any CPU.Build.0 = Release|Any CPU
		{8200D19F-12C1-448B-BE80-60776143B944}.Debug|Any CPU.ActiveCfg = Debug|Any CPU
		{8200D19F-12C1-448B-BE80-60776143B944}.Debug|Any CPU.Build.0 = Debug|Any CPU
		{8200D19F-12C1-448B-BE80-60776143B944}.Release|Any CPU.ActiveCfg = Release|Any CPU
		{8200D19F-12C1-448B-BE80-60776143B944}.Release|Any CPU.Build.0 = Release|Any CPU
		{F6BC6004-DDA0-4D42-8A81-1D1EC03F765F}.Debug|Any CPU.ActiveCfg = Debug|Any CPU
		{F6BC6004-DDA0-4D42-8A81-1D1EC03F765F}.Debug|Any CPU.Build.0 = Debug|Any CPU
		{F6BC6004-DDA0-4D42-8A81-1D1EC03F765F}.Release|Any CPU.ActiveCfg = Release|Any CPU
		{F6BC6004-DDA0-4D42-8A81-1D1EC03F765F}.Release|Any CPU.Build.0 = Release|Any CPU
		{6F757F21-458D-41BD-9051-20209F3FF057}.Debug|Any CPU.ActiveCfg = Debug|Any CPU
		{6F757F21-458D-41BD-9051-20209F3FF057}.Debug|Any CPU.Build.0 = Debug|Any CPU
		{6F757F21-458D-41BD-9051-20209F3FF057}.Release|Any CPU.ActiveCfg = Release|Any CPU
		{6F757F21-458D-41BD-9051-20209F3FF057}.Release|Any CPU.Build.0 = Release|Any CPU
		{40723864-F849-4779-9875-833E6A9A20EA}.Debug|Any CPU.ActiveCfg = Debug|Any CPU
		{40723864-F849-4779-9875-833E6A9A20EA}.Debug|Any CPU.Build.0 = Debug|Any CPU
		{40723864-F849-4779-9875-833E6A9A20EA}.Release|Any CPU.ActiveCfg = Release|Any CPU
		{40723864-F849-4779-9875-833E6A9A20EA}.Release|Any CPU.Build.0 = Release|Any CPU
		{D51E5EE4-5E64-4FF3-914A-D1AABC049228}.Debug|Any CPU.ActiveCfg = Debug|Any CPU
		{D51E5EE4-5E64-4FF3-914A-D1AABC049228}.Debug|Any CPU.Build.0 = Debug|Any CPU
		{D51E5EE4-5E64-4FF3-914A-D1AABC049228}.Release|Any CPU.ActiveCfg = Release|Any CPU
		{D51E5EE4-5E64-4FF3-914A-D1AABC049228}.Release|Any CPU.Build.0 = Release|Any CPU
		{08EC5C50-AACA-4D24-A7CF-BF7EA238241E}.Debug|Any CPU.ActiveCfg = Debug|Any CPU
		{08EC5C50-AACA-4D24-A7CF-BF7EA238241E}.Debug|Any CPU.Build.0 = Debug|Any CPU
		{08EC5C50-AACA-4D24-A7CF-BF7EA238241E}.Release|Any CPU.ActiveCfg = Release|Any CPU
		{08EC5C50-AACA-4D24-A7CF-BF7EA238241E}.Release|Any CPU.Build.0 = Release|Any CPU
		{099F1945-5258-4505-83A4-5D35BF69AD90}.Debug|Any CPU.ActiveCfg = Debug|Any CPU
		{099F1945-5258-4505-83A4-5D35BF69AD90}.Debug|Any CPU.Build.0 = Debug|Any CPU
		{099F1945-5258-4505-83A4-5D35BF69AD90}.Release|Any CPU.ActiveCfg = Release|Any CPU
		{099F1945-5258-4505-83A4-5D35BF69AD90}.Release|Any CPU.Build.0 = Release|Any CPU
		{40E673E2-33E3-4D2D-AE1A-635EBBBD8BDA}.Debug|Any CPU.ActiveCfg = Debug|Any CPU
		{40E673E2-33E3-4D2D-AE1A-635EBBBD8BDA}.Debug|Any CPU.Build.0 = Debug|Any CPU
		{40E673E2-33E3-4D2D-AE1A-635EBBBD8BDA}.Release|Any CPU.ActiveCfg = Release|Any CPU
		{40E673E2-33E3-4D2D-AE1A-635EBBBD8BDA}.Release|Any CPU.Build.0 = Release|Any CPU
	EndGlobalSection
	GlobalSection(SolutionProperties) = preSolution
		HideSolutionNode = FALSE
	EndGlobalSection
	GlobalSection(NestedProjects) = preSolution
		{E61D6E73-8CC1-4F27-9901-CA85B3BFB8BE} = {6E2CDF3A-6A84-4736-B900-63EC1BD73A0B}
		{918E6E34-0BB0-4F06-904A-E0F3ABF08F82} = {6E2CDF3A-6A84-4736-B900-63EC1BD73A0B}
		{3EC3AA7E-5331-45B0-A160-C8BC2F623A76} = {6E2CDF3A-6A84-4736-B900-63EC1BD73A0B}
		{23603519-91F2-4556-8499-849C56B7D888} = {6E2CDF3A-6A84-4736-B900-63EC1BD73A0B}
		{8200D19F-12C1-448B-BE80-60776143B944} = {6E2CDF3A-6A84-4736-B900-63EC1BD73A0B}
		{F6BC6004-DDA0-4D42-8A81-1D1EC03F765F} = {6E2CDF3A-6A84-4736-B900-63EC1BD73A0B}
		{6F757F21-458D-41BD-9051-20209F3FF057} = {6E2CDF3A-6A84-4736-B900-63EC1BD73A0B}
		{40723864-F849-4779-9875-833E6A9A20EA} = {6E2CDF3A-6A84-4736-B900-63EC1BD73A0B}
		{16023044-E447-4F49-992E-20BB3AA7299B} = {6E2CDF3A-6A84-4736-B900-63EC1BD73A0B}
		{08EC5C50-AACA-4D24-A7CF-BF7EA238241E} = {16023044-E447-4F49-992E-20BB3AA7299B}
		{099F1945-5258-4505-83A4-5D35BF69AD90} = {16023044-E447-4F49-992E-20BB3AA7299B}
		{40E673E2-33E3-4D2D-AE1A-635EBBBD8BDA} = {16023044-E447-4F49-992E-20BB3AA7299B}
	EndGlobalSection
EndGlobal
